schema: '2.0'
stages:
  data_cleaning:
    cmd: python src/data/data_cleaning.py
    deps:
    - path: data/raw/swiggy.csv
      hash: md5
      md5: 0b050b37dfe6cfbfaa18d7cb4e454377
      size: 7772212
    - path: src/data/data_cleaning.py
      hash: md5
      md5: 77a2c9654ef53efb56dce6997055abf6
      size: 9086
    outs:
    - path: data/cleaned/swiggy_cleaned.csv
      hash: md5
      md5: 4918716e52fc57babdcd400dfb3c3f29
      size: 4508527
  data_preparation:
    cmd: python src/data/data_preparation.py
    deps:
    - path: data/cleaned/swiggy_cleaned.csv
      hash: md5
      md5: 4918716e52fc57babdcd400dfb3c3f29
      size: 4508527
    - path: src/data/data_preparation.py
      hash: md5
      md5: 1ba9c5cd620c82eb14736941276eb313
      size: 2965
    params:
      params.yaml:
        Data_Preparation.random_state: 23
        Data_Preparation.test_size: 0.25
    outs:
    - path: data/interim/test.csv
      hash: md5
      md5: 18c168e116c93c2676df8d5de8ab180d
      size: 1125675
    - path: data/interim/train.csv
      hash: md5
      md5: feeae666729c055026894e86d0ad884a
      size: 3379894
  data_preprocessing:
    cmd: python src/features/data_preprocessing.py
    deps:
    - path: data/interim/test.csv
      hash: md5
      md5: 18c168e116c93c2676df8d5de8ab180d
      size: 1125675
    - path: data/interim/train.csv
      hash: md5
      md5: feeae666729c055026894e86d0ad884a
      size: 3379894
    - path: src/features/data_preprocessing.py
      hash: md5
      md5: 8c25e7ae052515b71c55274ee8e982d5
      size: 6806
    outs:
    - path: data/processed/test_trans.csv
      hash: md5
      md5: ce205bf77b68c6a7b16a3181c2cca997
      size: 1346972
    - path: data/processed/train_trans.csv
      hash: md5
      md5: e8bf108448505ce272df443efa967c47
      size: 4071761
    - path: models/preprocessor.joblib
      hash: md5
      md5: 3a85b4a30f4ffcca593ed9761877423f
      size: 7243
  train:
    cmd: python src/models/train.py
    deps:
    - path: data/processed/train_trans.csv
      hash: md5
      md5: e8bf108448505ce272df443efa967c47
      size: 4071761
    - path: src/models/train.py
      hash: md5
      md5: 31d4b6758dbde28615602dcdfaad1306
      size: 4843
    params:
      params.yaml:
        Train.LightGBM:
          n_estimators: 154
          max_depth: 27
          learning_rate: 0.22234435854395157
          subsample: 0.7592213724048168
          min_child_weight: 20
          min_split_gain: 0.004604680609280751
          reg_lambda: 97.81002379097947
          n_jobs: -1
        Train.Random_Forest:
          n_estimators: 479
          criterion: squared_error
          max_depth: 17
          max_features: 1
          min_samples_split: 9
          min_samples_leaf: 2
          max_samples: 0.6603673526197066
          verbose: 1
          n_jobs: -1
    outs:
    - path: models/model.joblib
      hash: md5
      md5: 90e3f7ac73368adfd5cdb59a2f74f93b
      size: 149029704
    - path: models/power_transformer.joblib
      hash: md5
      md5: d2381582a8eb1e6ff6233ffed3701c13
      size: 837
    - path: models/stacking_regressor.joblib
      hash: md5
      md5: 2202d6b606c0f0cc69fe1673ddd810d0
      size: 149018154
  evaluation:
    cmd: python src/models/evaluation.py
    deps:
    - path: data/processed/test_trans.csv
      hash: md5
      md5: ce205bf77b68c6a7b16a3181c2cca997
      size: 1346972
    - path: data/processed/train_trans.csv
      hash: md5
      md5: e8bf108448505ce272df443efa967c47
      size: 4071761
    - path: models/model.joblib
      hash: md5
      md5: 90e3f7ac73368adfd5cdb59a2f74f93b
      size: 149029704
    - path: src/models/evaluation.py
      hash: md5
      md5: a56664a4513bd23171e3a4a9ce7bd581
      size: 5159
    outs:
    - path: run_information.json
      hash: md5
      md5: a2c1ac1c3724fa4ecee29e9a516a4368
      size: 220
