schema: '2.0'
stages:
  data_cleaning:
    cmd: python src/data/data_cleaning.py
    deps:
    - path: data/raw/swiggy.csv
      hash: md5
      md5: 0b050b37dfe6cfbfaa18d7cb4e454377
      size: 7772212
    - path: src/data/data_cleaning.py
      hash: md5
      md5: 77a2c9654ef53efb56dce6997055abf6
      size: 9086
    outs:
    - path: data/cleaned/swiggy_cleaned.csv
      hash: md5
      md5: 4918716e52fc57babdcd400dfb3c3f29
      size: 4508527
  data_preparation:
    cmd: python src/data/data_preparation.py
    deps:
    - path: data/cleaned/swiggy_cleaned.csv
      hash: md5
      md5: 4918716e52fc57babdcd400dfb3c3f29
      size: 4508527
    - path: src/data/data_preparation.py
      hash: md5
      md5: 1ba9c5cd620c82eb14736941276eb313
      size: 2965
    params:
      params.yaml:
        Data_Preparation.random_state: 51
        Data_Preparation.test_size: 0.25
    outs:
    - path: data/interim/test.csv
      hash: md5
      md5: d8585820f0973f5986c9d60271d51bff
      size: 1127284
    - path: data/interim/train.csv
      hash: md5
      md5: b847266b64f5cc22a7c0968f459452be
      size: 3378285
  data_preprocessing:
    cmd: python src/features/data_preprocessing.py
    deps:
    - path: data/interim/test.csv
      hash: md5
      md5: d8585820f0973f5986c9d60271d51bff
      size: 1127284
    - path: data/interim/train.csv
      hash: md5
      md5: b847266b64f5cc22a7c0968f459452be
      size: 3378285
    - path: src/features/data_preprocessing.py
      hash: md5
      md5: 8c25e7ae052515b71c55274ee8e982d5
      size: 6806
    outs:
    - path: data/processed/test_trans.csv
      hash: md5
      md5: 84fe332875f59b109395d9ee9b02cd76
      size: 1358352
    - path: data/processed/train_trans.csv
      hash: md5
      md5: 69e960702cf9db51145967ce16a68536
      size: 4060381
    - path: models/preprocessor.joblib
      hash: md5
      md5: b0575071d30febd183b944a16c83d39a
      size: 8189
  train:
    cmd: python src/models/train.py
    deps:
    - path: data/processed/train_trans.csv
      hash: md5
      md5: 69e960702cf9db51145967ce16a68536
      size: 4060381
    - path: src/models/train.py
      hash: md5
      md5: 31d4b6758dbde28615602dcdfaad1306
      size: 4843
    params:
      params.yaml:
        Train.LightGBM:
          n_estimators: 154
          max_depth: 27
          learning_rate: 0.22234435854395157
          subsample: 0.7592213724048168
          min_child_weight: 20
          min_split_gain: 0.004604680609280751
          reg_lambda: 97.81002379097947
          n_jobs: -1
        Train.Random_Forest:
          n_estimators: 479
          criterion: squared_error
          max_depth: 17
          max_features: 1
          min_samples_split: 9
          min_samples_leaf: 2
          max_samples: 0.6603673526197066
          verbose: 1
          n_jobs: -1
    outs:
    - path: models/model.joblib
      hash: md5
      md5: dadf29011dd7a4603f1141f2bd31e2fe
      size: 149904040
    - path: models/power_transformer.joblib
      hash: md5
      md5: 6032bd5f5c3aa54c9f46d67cdb06cbdf
      size: 837
    - path: models/stacking_regressor.joblib
      hash: md5
      md5: 352ad9b718206317b96d93bf99f978df
      size: 149892506
  evaluation:
    cmd: python src/models/evaluation.py
    deps:
    - path: data/processed/test_trans.csv
      hash: md5
      md5: 84fe332875f59b109395d9ee9b02cd76
      size: 1358352
    - path: data/processed/train_trans.csv
      hash: md5
      md5: 69e960702cf9db51145967ce16a68536
      size: 4060381
    - path: models/model.joblib
      hash: md5
      md5: dadf29011dd7a4603f1141f2bd31e2fe
      size: 149904040
    - path: src/models/evaluation.py
      hash: md5
      md5: a56664a4513bd23171e3a4a9ce7bd581
      size: 5159
    outs:
    - path: run_information.json
      hash: md5
      md5: 4095818d3f18677a645f53df637821b1
      size: 220
