schema: '2.0'
stages:
  data_cleaning:
    cmd: python src/data/data_cleaning.py
    deps:
    - path: data/raw/swiggy.csv
      hash: md5
      md5: 0b050b37dfe6cfbfaa18d7cb4e454377
      size: 7772212
    - path: src/data/data_cleaning.py
      hash: md5
      md5: 77a2c9654ef53efb56dce6997055abf6
      size: 9086
    outs:
    - path: data/cleaned/swiggy_cleaned.csv
      hash: md5
      md5: 4918716e52fc57babdcd400dfb3c3f29
      size: 4508527
  data_preparation:
    cmd: python src/data/data_preparation.py
    deps:
    - path: data/cleaned/swiggy_cleaned.csv
      hash: md5
      md5: 4918716e52fc57babdcd400dfb3c3f29
      size: 4508527
    - path: src/data/data_preparation.py
      hash: md5
      md5: 1ba9c5cd620c82eb14736941276eb313
      size: 2965
    params:
      params.yaml:
        Data_Preparation.random_state: 55
        Data_Preparation.test_size: 0.25
    outs:
    - path: data/interim/test.csv
      hash: md5
      md5: fabe26c9190480fb8983cbf764806827
      size: 1125927
    - path: data/interim/train.csv
      hash: md5
      md5: 3644a9fb0b2adc7eb4fe8f52579164d7
      size: 3379642
  data_preprocessing:
    cmd: python src/features/data_preprocessing.py
    deps:
    - path: data/interim/test.csv
      hash: md5
      md5: fabe26c9190480fb8983cbf764806827
      size: 1125927
    - path: data/interim/train.csv
      hash: md5
      md5: 3644a9fb0b2adc7eb4fe8f52579164d7
      size: 3379642
    - path: src/features/data_preprocessing.py
      hash: md5
      md5: 8c25e7ae052515b71c55274ee8e982d5
      size: 6806
    outs:
    - path: data/processed/test_trans.csv
      hash: md5
      md5: ae7c6a1d67644d7446ee65f6e49ceee7
      size: 1352497
    - path: data/processed/train_trans.csv
      hash: md5
      md5: 89a54e9b786cc0540f88b6d3c5af0aaf
      size: 4066236
    - path: models/preprocessor.joblib
      hash: md5
      md5: 6d4e4a37dd06547475f022bb3a0ac0e4
      size: 8189
  train:
    cmd: python src/models/train.py
    deps:
    - path: data/processed/train_trans.csv
      hash: md5
      md5: 89a54e9b786cc0540f88b6d3c5af0aaf
      size: 4066236
    - path: src/models/train.py
      hash: md5
      md5: 31d4b6758dbde28615602dcdfaad1306
      size: 4843
    params:
      params.yaml:
        Train.LightGBM:
          n_estimators: 154
          max_depth: 27
          learning_rate: 0.22234435854395157
          subsample: 0.7592213724048168
          min_child_weight: 20
          min_split_gain: 0.004604680609280751
          reg_lambda: 97.81002379097947
          n_jobs: -1
        Train.Random_Forest:
          n_estimators: 479
          criterion: squared_error
          max_depth: 17
          max_features: 1
          min_samples_split: 9
          min_samples_leaf: 2
          max_samples: 0.6603673526197066
          verbose: 1
          n_jobs: -1
    outs:
    - path: models/model.joblib
      hash: md5
      md5: a7b8e01fa1156f2d210eb66cd60487b8
      size: 149108472
    - path: models/power_transformer.joblib
      hash: md5
      md5: 69fe185038b0f0f77576296efe049f5f
      size: 837
    - path: models/stacking_regressor.joblib
      hash: md5
      md5: 61e2bb681db193958e0fac99b0e5efaa
      size: 149096938
  evaluation:
    cmd: python src/models/evaluation.py
    deps:
    - path: data/processed/test_trans.csv
      hash: md5
      md5: fd3f64b75960a56087abc13189e32b1a
      size: 1362601
    - path: data/processed/train_trans.csv
      hash: md5
      md5: 889e38db8dc8aeab01ec58b9c041d81d
      size: 4056132
    - path: models/model.joblib
      hash: md5
      md5: c44964d287b4500e6e39d78737a0f80c
      size: 149452808
    - path: src/models/evaluation.py
      hash: md5
      md5: a56664a4513bd23171e3a4a9ce7bd581
      size: 5159
    outs:
    - path: run_information.json
      hash: md5
      md5: 787e162696fbb12ef91378ef72690c13
      size: 220
